
Microsoft Visual Studio Solution File, Format Version 12.00
# Visual Studio Version 17
VisualStudioVersion = 17.3.32901.215
MinimumVisualStudioVersion = 10.0.40219.1
Project("{FAE04EC0-301F-11D3-BF4B-00C04F79EFBC}") = "Lesson_8", "Lesson_8\Lesson_8.csproj", "{2945AF66-0812-42E0-8C97-27C22F96AF9E}"
EndProject
Global
	GlobalSection(SolutionConfigurationPlatforms) = preSolution
		Debug|Any CPU = Debug|Any CPU
		Release|Any CPU = Release|Any CPU
	EndGlobalSection
	GlobalSection(ProjectConfigurationPlatforms) = postSolution
		{2945AF66-0812-42E0-8C97-27C22F96AF9E}.Debug|Any CPU.ActiveCfg = Debug|Any CPU
		{2945AF66-0812-42E0-8C97-27C22F96AF9E}.Debug|Any CPU.Build.0 = Debug|Any CPU
		{2945AF66-0812-42E0-8C97-27C22F96AF9E}.Release|Any CPU.ActiveCfg = Release|Any CPU
		{2945AF66-0812-42E0-8C97-27C22F96AF9E}.Release|Any CPU.Build.0 = Release|Any CPU
	EndGlobalSection
	GlobalSection(SolutionProperties) = preSolution
		HideSolutionNode = FALSE
	EndGlobalSection
	GlobalSection(ExtensibilityGlobals) = postSolution
		SolutionGuid = {C327F6A4-7A79-439E-B21F-8AA0E734B9B9}
	EndGlobalSection
EndGlobal
